// !$*UTF8*$!
{
	archiveVersion = 1;
	classes = {
	};
	objectVersion = 56;
	objects = {

/* Begin PBXBuildFile section */
		021563022A749A70007D167A /* RegistationViewModel.swift in Sources */ = {isa = PBXBuildFile; fileRef = 021563012A749A70007D167A /* RegistationViewModel.swift */; };
		021563042A749A89007D167A /* RegistrationView.swift in Sources */ = {isa = PBXBuildFile; fileRef = 021563032A749A89007D167A /* RegistrationView.swift */; };
		021563072A74A21E007D167A /* InboxView.swift in Sources */ = {isa = PBXBuildFile; fileRef = 021563062A74A21E007D167A /* InboxView.swift */; };
		0215630C2A74A41B007D167A /* ActiveNowView.swift in Sources */ = {isa = PBXBuildFile; fileRef = 0215630B2A74A41B007D167A /* ActiveNowView.swift */; };
		0215630E2A74AA3A007D167A /* InboxRowView.swift in Sources */ = {isa = PBXBuildFile; fileRef = 0215630D2A74AA3A007D167A /* InboxRowView.swift */; };
		021563112A74C076007D167A /* SettingsOptionsViewModel.swift in Sources */ = {isa = PBXBuildFile; fileRef = 021563102A74C076007D167A /* SettingsOptionsViewModel.swift */; };
		021563132A74C08D007D167A /* ProfileViewModel.swift in Sources */ = {isa = PBXBuildFile; fileRef = 021563122A74C08D007D167A /* ProfileViewModel.swift */; };
		021563152A74C0AF007D167A /* ProfileView.swift in Sources */ = {isa = PBXBuildFile; fileRef = 021563142A74C0AF007D167A /* ProfileView.swift */; };
		021563182A74C0E2007D167A /* Person.swift in Sources */ = {isa = PBXBuildFile; fileRef = 021563172A74C0E2007D167A /* Person.swift */; };
		0215631B2A74C253007D167A /* NewMessageView.swift in Sources */ = {isa = PBXBuildFile; fileRef = 0215631A2A74C253007D167A /* NewMessageView.swift */; };
		0215631E2A74D2A9007D167A /* CircularProfileImageView.swift in Sources */ = {isa = PBXBuildFile; fileRef = 0215631D2A74D2A9007D167A /* CircularProfileImageView.swift */; };
		021563212A74E257007D167A /* ChatView.swift in Sources */ = {isa = PBXBuildFile; fileRef = 021563202A74E257007D167A /* ChatView.swift */; };
		02819F642A742A270021FCA3 /* MessengerTutorialApp.swift in Sources */ = {isa = PBXBuildFile; fileRef = 02819F632A742A270021FCA3 /* MessengerTutorialApp.swift */; };
		02819F662A742A270021FCA3 /* LoginView.swift in Sources */ = {isa = PBXBuildFile; fileRef = 02819F652A742A270021FCA3 /* LoginView.swift */; };
		02819F682A742A280021FCA3 /* Assets.xcassets in Resources */ = {isa = PBXBuildFile; fileRef = 02819F672A742A280021FCA3 /* Assets.xcassets */; };
		02819F6B2A742A280021FCA3 /* Preview Assets.xcassets in Resources */ = {isa = PBXBuildFile; fileRef = 02819F6A2A742A280021FCA3 /* Preview Assets.xcassets */; };
		02819F742A742F3D0021FCA3 /* LoginViewModel.swift in Sources */ = {isa = PBXBuildFile; fileRef = 02819F732A742F3D0021FCA3 /* LoginViewModel.swift */; };
/* End PBXBuildFile section */

/* Begin PBXFileReference section */
		021563012A749A70007D167A /* RegistationViewModel.swift */ = {isa = PBXFileReference; lastKnownFileType = sourcecode.swift; path = RegistationViewModel.swift; sourceTree = "<group>"; };
		021563032A749A89007D167A /* RegistrationView.swift */ = {isa = PBXFileReference; lastKnownFileType = sourcecode.swift; path = RegistrationView.swift; sourceTree = "<group>"; };
		021563062A74A21E007D167A /* InboxView.swift */ = {isa = PBXFileReference; lastKnownFileType = sourcecode.swift; path = InboxView.swift; sourceTree = "<group>"; };
		0215630B2A74A41B007D167A /* ActiveNowView.swift */ = {isa = PBXFileReference; lastKnownFileType = sourcecode.swift; path = ActiveNowView.swift; sourceTree = "<group>"; };
		0215630D2A74AA3A007D167A /* InboxRowView.swift */ = {isa = PBXFileReference; lastKnownFileType = sourcecode.swift; path = InboxRowView.swift; sourceTree = "<group>"; };
		021563102A74C076007D167A /* SettingsOptionsViewModel.swift */ = {isa = PBXFileReference; lastKnownFileType = sourcecode.swift; path = SettingsOptionsViewModel.swift; sourceTree = "<group>"; };
		021563122A74C08D007D167A /* ProfileViewModel.swift */ = {isa = PBXFileReference; lastKnownFileType = sourcecode.swift; path = ProfileViewModel.swift; sourceTree = "<group>"; };
		021563142A74C0AF007D167A /* ProfileView.swift */ = {isa = PBXFileReference; lastKnownFileType = sourcecode.swift; path = ProfileView.swift; sourceTree = "<group>"; };
		021563172A74C0E2007D167A /* Person.swift */ = {isa = PBXFileReference; lastKnownFileType = sourcecode.swift; path = Person.swift; sourceTree = "<group>"; };
		0215631A2A74C253007D167A /* NewMessageView.swift */ = {isa = PBXFileReference; lastKnownFileType = sourcecode.swift; path = NewMessageView.swift; sourceTree = "<group>"; };
		0215631D2A74D2A9007D167A /* CircularProfileImageView.swift */ = {isa = PBXFileReference; lastKnownFileType = sourcecode.swift; path = CircularProfileImageView.swift; sourceTree = "<group>"; };
		021563202A74E257007D167A /* ChatView.swift */ = {isa = PBXFileReference; lastKnownFileType = sourcecode.swift; path = ChatView.swift; sourceTree = "<group>"; };
		02819F602A742A270021FCA3 /* MessengerTutorial.app */ = {isa = PBXFileReference; explicitFileType = wrapper.application; includeInIndex = 0; path = MessengerTutorial.app; sourceTree = BUILT_PRODUCTS_DIR; };
		02819F632A742A270021FCA3 /* MessengerTutorialApp.swift */ = {isa = PBXFileReference; lastKnownFileType = sourcecode.swift; path = MessengerTutorialApp.swift; sourceTree = "<group>"; };
		02819F652A742A270021FCA3 /* LoginView.swift */ = {isa = PBXFileReference; lastKnownFileType = sourcecode.swift; path = LoginView.swift; sourceTree = "<group>"; };
		02819F672A742A280021FCA3 /* Assets.xcassets */ = {isa = PBXFileReference; lastKnownFileType = folder.assetcatalog; path = Assets.xcassets; sourceTree = "<group>"; };
		02819F6A2A742A280021FCA3 /* Preview Assets.xcassets */ = {isa = PBXFileReference; lastKnownFileType = folder.assetcatalog; path = "Preview Assets.xcassets"; sourceTree = "<group>"; };
		02819F712A742B6E0021FCA3 /* README.md */ = {isa = PBXFileReference; lastKnownFileType = net.daringfireball.markdown; path = README.md; sourceTree = "<group>"; };
		02819F732A742F3D0021FCA3 /* LoginViewModel.swift */ = {isa = PBXFileReference; lastKnownFileType = sourcecode.swift; path = LoginViewModel.swift; sourceTree = "<group>"; };
/* End PBXFileReference section */

/* Begin PBXFrameworksBuildPhase section */
		02819F5D2A742A270021FCA3 /* Frameworks */ = {
			isa = PBXFrameworksBuildPhase;
			buildActionMask = 2147483647;
			files = (
			);
			runOnlyForDeploymentPostprocessing = 0;
		};
/* End PBXFrameworksBuildPhase section */

/* Begin PBXGroup section */
		021563052A74A20F007D167A /* Inbox */ = {
			isa = PBXGroup;
			children = (
				021563062A74A21E007D167A /* InboxView.swift */,
				0215630D2A74AA3A007D167A /* InboxRowView.swift */,
			);
			path = Inbox;
			sourceTree = "<group>";
		};
		021563082A74A401007D167A /* ActiveNow */ = {
			isa = PBXGroup;
			children = (
				0215630B2A74A41B007D167A /* ActiveNowView.swift */,
			);
			path = ActiveNow;
			sourceTree = "<group>";
		};
		0215630F2A74C06A007D167A /* Profile */ = {
			isa = PBXGroup;
			children = (
				021563102A74C076007D167A /* SettingsOptionsViewModel.swift */,
				021563122A74C08D007D167A /* ProfileViewModel.swift */,
				021563142A74C0AF007D167A /* ProfileView.swift */,
			);
			path = Profile;
			sourceTree = "<group>";
		};
		021563162A74C0D7007D167A /* Model */ = {
			isa = PBXGroup;
			children = (
				021563172A74C0E2007D167A /* Person.swift */,
			);
			path = Model;
			sourceTree = "<group>";
		};
		021563192A74C23C007D167A /* NewMessage */ = {
			isa = PBXGroup;
			children = (
				0215631A2A74C253007D167A /* NewMessageView.swift */,
			);
			path = NewMessage;
			sourceTree = "<group>";
		};
		0215631C2A74D274007D167A /* Components */ = {
			isa = PBXGroup;
			children = (
				0215631D2A74D2A9007D167A /* CircularProfileImageView.swift */,
			);
			path = Components;
			sourceTree = "<group>";
		};
		0215631F2A74E24E007D167A /* Chat */ = {
			isa = PBXGroup;
			children = (
				021563202A74E257007D167A /* ChatView.swift */,
			);
			path = Chat;
			sourceTree = "<group>";
		};
		02819F572A742A270021FCA3 = {
			isa = PBXGroup;
			children = (
				02819F712A742B6E0021FCA3 /* README.md */,
				02819F622A742A270021FCA3 /* MessengerTutorial */,
				02819F612A742A270021FCA3 /* Products */,
			);
			sourceTree = "<group>";
		};
		02819F612A742A270021FCA3 /* Products */ = {
			isa = PBXGroup;
			children = (
				02819F602A742A270021FCA3 /* MessengerTutorial.app */,
			);
			name = Products;
			sourceTree = "<group>";
		};
		02819F622A742A270021FCA3 /* MessengerTutorial */ = {
			isa = PBXGroup;
			children = (
				0215631C2A74D274007D167A /* Components */,
				021563162A74C0D7007D167A /* Model */,
				02819F632A742A270021FCA3 /* MessengerTutorialApp.swift */,
				02819F762A742FD90021FCA3 /* Features */,
				02819F672A742A280021FCA3 /* Assets.xcassets */,
				02819F692A742A280021FCA3 /* Preview Content */,
			);
			path = MessengerTutorial;
			sourceTree = "<group>";
		};
		02819F692A742A280021FCA3 /* Preview Content */ = {
			isa = PBXGroup;
			children = (
				02819F6A2A742A280021FCA3 /* Preview Assets.xcassets */,
			);
			path = "Preview Content";
			sourceTree = "<group>";
		};
		02819F722A742F260021FCA3 /* Login */ = {
			isa = PBXGroup;
			children = (
				02819F652A742A270021FCA3 /* LoginView.swift */,
				02819F732A742F3D0021FCA3 /* LoginViewModel.swift */,
			);
			path = Login;
			sourceTree = "<group>";
		};
		02819F752A742FCE0021FCA3 /* Auth */ = {
			isa = PBXGroup;
			children = (
				02819F772A742FEB0021FCA3 /* Registration */,
				02819F722A742F260021FCA3 /* Login */,
			);
			path = Auth;
			sourceTree = "<group>";
		};
		02819F762A742FD90021FCA3 /* Features */ = {
			isa = PBXGroup;
			children = (
				0215631F2A74E24E007D167A /* Chat */,
				021563192A74C23C007D167A /* NewMessage */,
				0215630F2A74C06A007D167A /* Profile */,
				021563082A74A401007D167A /* ActiveNow */,
				021563052A74A20F007D167A /* Inbox */,
				02819F752A742FCE0021FCA3 /* Auth */,
			);
			path = Features;
			sourceTree = "<group>";
		};
		02819F772A742FEB0021FCA3 /* Registration */ = {
			isa = PBXGroup;
			children = (
				021563012A749A70007D167A /* RegistationViewModel.swift */,
				021563032A749A89007D167A /* RegistrationView.swift */,
			);
			path = Registration;
			sourceTree = "<group>";
		};
/* End PBXGroup section */

/* Begin PBXNativeTarget section */
		02819F5F2A742A270021FCA3 /* MessengerTutorial */ = {
			isa = PBXNativeTarget;
			buildConfigurationList = 02819F6E2A742A280021FCA3 /* Build configuration list for PBXNativeTarget "MessengerTutorial" */;
			buildPhases = (
				02819F5C2A742A270021FCA3 /* Sources */,
				02819F5D2A742A270021FCA3 /* Frameworks */,
				02819F5E2A742A270021FCA3 /* Resources */,
			);
			buildRules = (
			);
			dependencies = (
			);
			name = MessengerTutorial;
			productName = MessengerTutorial;
			productReference = 02819F602A742A270021FCA3 /* MessengerTutorial.app */;
			productType = "com.apple.product-type.application";
		};
/* End PBXNativeTarget section */

/* Begin PBXProject section */
		02819F582A742A270021FCA3 /* Project object */ = {
			isa = PBXProject;
			attributes = {
				BuildIndependentTargetsInParallel = 1;
				LastSwiftUpdateCheck = 1430;
				LastUpgradeCheck = 1430;
				TargetAttributes = {
					02819F5F2A742A270021FCA3 = {
						CreatedOnToolsVersion = 14.3.1;
					};
				};
			};
			buildConfigurationList = 02819F5B2A742A270021FCA3 /* Build configuration list for PBXProject "MessengerTutorial" */;
			compatibilityVersion = "Xcode 14.0";
			developmentRegion = en;
			hasScannedForEncodings = 0;
			knownRegions = (
				en,
				Base,
			);
			mainGroup = 02819F572A742A270021FCA3;
			productRefGroup = 02819F612A742A270021FCA3 /* Products */;
			projectDirPath = "";
			projectRoot = "";
			targets = (
				02819F5F2A742A270021FCA3 /* MessengerTutorial */,
			);
		};
/* End PBXProject section */

/* Begin PBXResourcesBuildPhase section */
		02819F5E2A742A270021FCA3 /* Resources */ = {
			isa = PBXResourcesBuildPhase;
			buildActionMask = 2147483647;
			files = (
				02819F6B2A742A280021FCA3 /* Preview Assets.xcassets in Resources */,
				02819F682A742A280021FCA3 /* Assets.xcassets in Resources */,
			);
			runOnlyForDeploymentPostprocessing = 0;
		};
/* End PBXResourcesBuildPhase section */

/* Begin PBXSourcesBuildPhase section */
		02819F5C2A742A270021FCA3 /* Sources */ = {
			isa = PBXSourcesBuildPhase;
			buildActionMask = 2147483647;
			files = (
				0215630E2A74AA3A007D167A /* InboxRowView.swift in Sources */,
				02819F662A742A270021FCA3 /* LoginView.swift in Sources */,
				021563112A74C076007D167A /* SettingsOptionsViewModel.swift in Sources */,
				0215630C2A74A41B007D167A /* ActiveNowView.swift in Sources */,
				021563132A74C08D007D167A /* ProfileViewModel.swift in Sources */,
				021563072A74A21E007D167A /* InboxView.swift in Sources */,
				0215631B2A74C253007D167A /* NewMessageView.swift in Sources */,
				021563212A74E257007D167A /* ChatView.swift in Sources */,
				0215631E2A74D2A9007D167A /* CircularProfileImageView.swift in Sources */,
				021563182A74C0E2007D167A /* Person.swift in Sources */,
				02819F642A742A270021FCA3 /* MessengerTutorialApp.swift in Sources */,
				021563022A749A70007D167A /* RegistationViewModel.swift in Sources */,
				02819F742A742F3D0021FCA3 /* LoginViewModel.swift in Sources */,
				021563152A74C0AF007D167A /* ProfileView.swift in Sources */,
				021563042A749A89007D167A /* RegistrationView.swift in Sources */,
			);
			runOnlyForDeploymentPostprocessing = 0;
		};
/* End PBXSourcesBuildPhase section */

/* Begin XCBuildConfiguration section */
		02819F6C2A742A280021FCA3 /* Debug */ = {
			isa = XCBuildConfiguration;
			buildSettings = {
				ALWAYS_SEARCH_USER_PATHS = NO;
				CLANG_ANALYZER_NONNULL = YES;
				CLANG_ANALYZER_NUMBER_OBJECT_CONVERSION = YES_AGGRESSIVE;
				CLANG_CXX_LANGUAGE_STANDARD = "gnu++20";
				CLANG_ENABLE_MODULES = YES;
				CLANG_ENABLE_OBJC_ARC = YES;
				CLANG_ENABLE_OBJC_WEAK = YES;
				CLANG_WARN_BLOCK_CAPTURE_AUTORELEASING = YES;
				CLANG_WARN_BOOL_CONVERSION = YES;
				CLANG_WARN_COMMA = YES;
				CLANG_WARN_CONSTANT_CONVERSION = YES;
				CLANG_WARN_DEPRECATED_OBJC_IMPLEMENTATIONS = YES;
				CLANG_WARN_DIRECT_OBJC_ISA_USAGE = YES_ERROR;
				CLANG_WARN_DOCUMENTATION_COMMENTS = YES;
				CLANG_WARN_EMPTY_BODY = YES;
				CLANG_WARN_ENUM_CONVERSION = YES;
				CLANG_WARN_INFINITE_RECURSION = YES;
				CLANG_WARN_INT_CONVERSION = YES;
				CLANG_WARN_NON_LITERAL_NULL_CONVERSION = YES;
				CLANG_WARN_OBJC_IMPLICIT_RETAIN_SELF = YES;
				CLANG_WARN_OBJC_LITERAL_CONVERSION = YES;
				CLANG_WARN_OBJC_ROOT_CLASS = YES_ERROR;
				CLANG_WARN_QUOTED_INCLUDE_IN_FRAMEWORK_HEADER = YES;
				CLANG_WARN_RANGE_LOOP_ANALYSIS = YES;
				CLANG_WARN_STRICT_PROTOTYPES = YES;
				CLANG_WARN_SUSPICIOUS_MOVE = YES;
				CLANG_WARN_UNGUARDED_AVAILABILITY = YES_AGGRESSIVE;
				CLANG_WARN_UNREACHABLE_CODE = YES;
				CLANG_WARN__DUPLICATE_METHOD_MATCH = YES;
				COPY_PHASE_STRIP = NO;
				DEBUG_INFORMATION_FORMAT = dwarf;
				ENABLE_STRICT_OBJC_MSGSEND = YES;
				ENABLE_TESTABILITY = YES;
				GCC_C_LANGUAGE_STANDARD = gnu11;
				GCC_DYNAMIC_NO_PIC = NO;
				GCC_NO_COMMON_BLOCKS = YES;
				GCC_OPTIMIZATION_LEVEL = 0;
				GCC_PREPROCESSOR_DEFINITIONS = (
					"DEBUG=1",
					"$(inherited)",
				);
				GCC_WARN_64_TO_32_BIT_CONVERSION = YES;
				GCC_WARN_ABOUT_RETURN_TYPE = YES_ERROR;
				GCC_WARN_UNDECLARED_SELECTOR = YES;
				GCC_WARN_UNINITIALIZED_AUTOS = YES_AGGRESSIVE;
				GCC_WARN_UNUSED_FUNCTION = YES;
				GCC_WARN_UNUSED_VARIABLE = YES;
				IPHONEOS_DEPLOYMENT_TARGET = 16.4;
				MTL_ENABLE_DEBUG_INFO = INCLUDE_SOURCE;
				MTL_FAST_MATH = YES;
				ONLY_ACTIVE_ARCH = YES;
				SDKROOT = iphoneos;
				SWIFT_ACTIVE_COMPILATION_CONDITIONS = DEBUG;
				SWIFT_OPTIMIZATION_LEVEL = "-Onone";
			};
			name = Debug;
		};
		02819F6D2A742A280021FCA3 /* Release */ = {
			isa = XCBuildConfiguration;
			buildSettings = {
				ALWAYS_SEARCH_USER_PATHS = NO;
				CLANG_ANALYZER_NONNULL = YES;
				CLANG_ANALYZER_NUMBER_OBJECT_CONVERSION = YES_AGGRESSIVE;
				CLANG_CXX_LANGUAGE_STANDARD = "gnu++20";
				CLANG_ENABLE_MODULES = YES;
				CLANG_ENABLE_OBJC_ARC = YES;
				CLANG_ENABLE_OBJC_WEAK = YES;
				CLANG_WARN_BLOCK_CAPTURE_AUTORELEASING = YES;
				CLANG_WARN_BOOL_CONVERSION = YES;
				CLANG_WARN_COMMA = YES;
				CLANG_WARN_CONSTANT_CONVERSION = YES;
				CLANG_WARN_DEPRECATED_OBJC_IMPLEMENTATIONS = YES;
				CLANG_WARN_DIRECT_OBJC_ISA_USAGE = YES_ERROR;
				CLANG_WARN_DOCUMENTATION_COMMENTS = YES;
				CLANG_WARN_EMPTY_BODY = YES;
				CLANG_WARN_ENUM_CONVERSION = YES;
				CLANG_WARN_INFINITE_RECURSION = YES;
				CLANG_WARN_INT_CONVERSION = YES;
				CLANG_WARN_NON_LITERAL_NULL_CONVERSION = YES;
				CLANG_WARN_OBJC_IMPLICIT_RETAIN_SELF = YES;
				CLANG_WARN_OBJC_LITERAL_CONVERSION = YES;
				CLANG_WARN_OBJC_ROOT_CLASS = YES_ERROR;
				CLANG_WARN_QUOTED_INCLUDE_IN_FRAMEWORK_HEADER = YES;
				CLANG_WARN_RANGE_LOOP_ANALYSIS = YES;
				CLANG_WARN_STRICT_PROTOTYPES = YES;
				CLANG_WARN_SUSPICIOUS_MOVE = YES;
				CLANG_WARN_UNGUARDED_AVAILABILITY = YES_AGGRESSIVE;
				CLANG_WARN_UNREACHABLE_CODE = YES;
				CLANG_WARN__DUPLICATE_METHOD_MATCH = YES;
				COPY_PHASE_STRIP = NO;
				DEBUG_INFORMATION_FORMAT = "dwarf-with-dsym";
				ENABLE_NS_ASSERTIONS = NO;
				ENABLE_STRICT_OBJC_MSGSEND = YES;
				GCC_C_LANGUAGE_STANDARD = gnu11;
				GCC_NO_COMMON_BLOCKS = YES;
				GCC_WARN_64_TO_32_BIT_CONVERSION = YES;
				GCC_WARN_ABOUT_RETURN_TYPE = YES_ERROR;
				GCC_WARN_UNDECLARED_SELECTOR = YES;
				GCC_WARN_UNINITIALIZED_AUTOS = YES_AGGRESSIVE;
				GCC_WARN_UNUSED_FUNCTION = YES;
				GCC_WARN_UNUSED_VARIABLE = YES;
				IPHONEOS_DEPLOYMENT_TARGET = 16.4;
				MTL_ENABLE_DEBUG_INFO = NO;
				MTL_FAST_MATH = YES;
				SDKROOT = iphoneos;
				SWIFT_COMPILATION_MODE = wholemodule;
				SWIFT_OPTIMIZATION_LEVEL = "-O";
				VALIDATE_PRODUCT = YES;
			};
			name = Release;
		};
		02819F6F2A742A280021FCA3 /* Debug */ = {
			isa = XCBuildConfiguration;
			buildSettings = {
				ASSETCATALOG_COMPILER_APPICON_NAME = AppIcon;
				ASSETCATALOG_COMPILER_GLOBAL_ACCENT_COLOR_NAME = AccentColor;
				CODE_SIGN_STYLE = Automatic;
				CURRENT_PROJECT_VERSION = 1;
				DEVELOPMENT_ASSET_PATHS = "\"MessengerTutorial/Preview Content\"";
				DEVELOPMENT_TEAM = 723HTEFHBA;
				ENABLE_PREVIEWS = YES;
				GENERATE_INFOPLIST_FILE = YES;
				INFOPLIST_KEY_UIApplicationSceneManifest_Generation = YES;
				INFOPLIST_KEY_UIApplicationSupportsIndirectInputEvents = YES;
				INFOPLIST_KEY_UILaunchScreen_Generation = YES;
				INFOPLIST_KEY_UISupportedInterfaceOrientations_iPad = "UIInterfaceOrientationPortrait UIInterfaceOrientationPortraitUpsideDown UIInterfaceOrientationLandscapeLeft UIInterfaceOrientationLandscapeRight";
				INFOPLIST_KEY_UISupportedInterfaceOrientations_iPhone = "UIInterfaceOrientationPortrait UIInterfaceOrientationLandscapeLeft UIInterfaceOrientationLandscapeRight";
				LD_RUNPATH_SEARCH_PATHS = (
					"$(inherited)",
					"@executable_path/Frameworks",
				);
				MARKETING_VERSION = 1.0;
				PRODUCT_BUNDLE_IDENTIFIER = ru.fibeapp.MessengerTutorial;
				PRODUCT_NAME = "$(TARGET_NAME)";
				SWIFT_EMIT_LOC_STRINGS = YES;
				SWIFT_VERSION = 5.0;
				TARGETED_DEVICE_FAMILY = "1,2";
			};
			name = Debug;
		};
		02819F702A742A280021FCA3 /* Release */ = {
			isa = XCBuildConfiguration;
			buildSettings = {
				ASSETCATALOG_COMPILER_APPICON_NAME = AppIcon;
				ASSETCATALOG_COMPILER_GLOBAL_ACCENT_COLOR_NAME = AccentColor;
				CODE_SIGN_STYLE = Automatic;
				CURRENT_PROJECT_VERSION = 1;
				DEVELOPMENT_ASSET_PATHS = "\"MessengerTutorial/Preview Content\"";
				DEVELOPMENT_TEAM = 723HTEFHBA;
				ENABLE_PREVIEWS = YES;
				GENERATE_INFOPLIST_FILE = YES;
				INFOPLIST_KEY_UIApplicationSceneManifest_Generation = YES;
				INFOPLIST_KEY_UIApplicationSupportsIndirectInputEvents = YES;
				INFOPLIST_KEY_UILaunchScreen_Generation = YES;
				INFOPLIST_KEY_UISupportedInterfaceOrientations_iPad = "UIInterfaceOrientationPortrait UIInterfaceOrientationPortraitUpsideDown UIInterfaceOrientationLandscapeLeft UIInterfaceOrientationLandscapeRight";
				INFOPLIST_KEY_UISupportedInterfaceOrientations_iPhone = "UIInterfaceOrientationPortrait UIInterfaceOrientationLandscapeLeft UIInterfaceOrientationLandscapeRight";
				LD_RUNPATH_SEARCH_PATHS = (
					"$(inherited)",
					"@executable_path/Frameworks",
				);
				MARKETING_VERSION = 1.0;
				PRODUCT_BUNDLE_IDENTIFIER = ru.fibeapp.MessengerTutorial;
				PRODUCT_NAME = "$(TARGET_NAME)";
				SWIFT_EMIT_LOC_STRINGS = YES;
				SWIFT_VERSION = 5.0;
				TARGETED_DEVICE_FAMILY = "1,2";
			};
			name = Release;
		};
/* End XCBuildConfiguration section */

/* Begin XCConfigurationList section */
		02819F5B2A742A270021FCA3 /* Build configuration list for PBXProject "MessengerTutorial" */ = {
			isa = XCConfigurationList;
			buildConfigurations = (
				02819F6C2A742A280021FCA3 /* Debug */,
				02819F6D2A742A280021FCA3 /* Release */,
			);
			defaultConfigurationIsVisible = 0;
			defaultConfigurationName = Release;
		};
		02819F6E2A742A280021FCA3 /* Build configuration list for PBXNativeTarget "MessengerTutorial" */ = {
			isa = XCConfigurationList;
			buildConfigurations = (
				02819F6F2A742A280021FCA3 /* Debug */,
				02819F702A742A280021FCA3 /* Release */,
			);
			defaultConfigurationIsVisible = 0;
			defaultConfigurationName = Release;
		};
/* End XCConfigurationList section */
	};
	rootObject = 02819F582A742A270021FCA3 /* Project object */;
}
